
Microsoft Visual Studio Solution File, Format Version 12.00
# Visual Studio Version 16
VisualStudioVersion = 16.0.30804.86
MinimumVisualStudioVersion = 10.0.40219.1
Project("{FAE04EC0-301F-11D3-BF4B-00C04F79EFBC}") = "gitstrtyoutube", "gitstrtyoutube\gitstrtyoutube.csproj", "{4002A80E-48FB-46A3-87CF-52484C7DAF83}"
EndProject
Global
	GlobalSection(SolutionConfigurationPlatforms) = preSolution
		Debug|Any CPU = Debug|Any CPU
		Release|Any CPU = Release|Any CPU
	EndGlobalSection
	GlobalSection(ProjectConfigurationPlatforms) = postSolution
		{4002A80E-48FB-46A3-87CF-52484C7DAF83}.Debug|Any CPU.ActiveCfg = Debug|Any CPU
		{4002A80E-48FB-46A3-87CF-52484C7DAF83}.Debug|Any CPU.Build.0 = Debug|Any CPU
		{4002A80E-48FB-46A3-87CF-52484C7DAF83}.Release|Any CPU.ActiveCfg = Release|Any CPU
		{4002A80E-48FB-46A3-87CF-52484C7DAF83}.Release|Any CPU.Build.0 = Release|Any CPU
	EndGlobalSection
	GlobalSection(SolutionProperties) = preSolution
		HideSolutionNode = FALSE
	EndGlobalSection
	GlobalSection(ExtensibilityGlobals) = postSolution
		SolutionGuid = {9824C661-F62D-485E-8C70-D5BEA768EB0C}
	EndGlobalSection
EndGlobal
